
Microsoft Visual Studio Solution File, Format Version 12.00
# Visual Studio 15
VisualStudioVersion = 15.0.28307.421
MinimumVisualStudioVersion = 10.0.40219.1
Project("{8BC9CEB8-8B4A-11D0-8D11-00A0C91BC942}") = "rightwareTest", "rightwareTest\rightwareTest.vcxproj", "{88474A2E-CDC5-48BE-B612-0F991710331B}"
EndProject
Global
	GlobalSection(SolutionConfigurationPlatforms) = preSolution
		Debug|x64 = Debug|x64
		Debug|x86 = Debug|x86
		Release|x64 = Release|x64
		Release|x86 = Release|x86
	EndGlobalSection
	GlobalSection(ProjectConfigurationPlatforms) = postSolution
		{88474A2E-CDC5-48BE-B612-0F991710331B}.Debug|x64.ActiveCfg = Debug|x64
		{88474A2E-CDC5-48BE-B612-0F991710331B}.Debug|x64.Build.0 = Debug|x64
		{88474A2E-CDC5-48BE-B612-0F991710331B}.Debug|x86.ActiveCfg = Debug|Win32
		{88474A2E-CDC5-48BE-B612-0F991710331B}.Debug|x86.Build.0 = Debug|Win32
		{88474A2E-CDC5-48BE-B612-0F991710331B}.Release|x64.ActiveCfg = Release|x64
		{88474A2E-CDC5-48BE-B612-0F991710331B}.Release|x64.Build.0 = Release|x64
		{88474A2E-CDC5-48BE-B612-0F991710331B}.Release|x86.ActiveCfg = Release|Win32
		{88474A2E-CDC5-48BE-B612-0F991710331B}.Release|x86.Build.0 = Release|Win32
	EndGlobalSection
	GlobalSection(SolutionProperties) = preSolution
		HideSolutionNode = FALSE
	EndGlobalSection
	GlobalSection(ExtensibilityGlobals) = postSolution
		SolutionGuid = {AAB3A320-8ED5-4442-933D-C977139D4BA1}
	EndGlobalSection
EndGlobal
